
Microsoft Visual Studio Solution File, Format Version 12.00
# Visual Studio Version 17
VisualStudioVersion = 17.9.34723.18
MinimumVisualStudioVersion = 10.0.40219.1
Project("{FAE04EC0-301F-11D3-BF4B-00C04F79EFBC}") = "TatehamaInterlocking", "TatehamaInterlocking.csproj", "{599A8C0C-5837-4D8A-A205-6CE876FD2465}"
EndProject
Global
	GlobalSection(SolutionConfigurationPlatforms) = preSolution
		Debug|Any CPU = Debug|Any CPU
		Release|Any CPU = Release|Any CPU
	EndGlobalSection
	GlobalSection(ProjectConfigurationPlatforms) = postSolution
		{599A8C0C-5837-4D8A-A205-6CE876FD2465}.Debug|Any CPU.ActiveCfg = Debug|Any CPU
		{599A8C0C-5837-4D8A-A205-6CE876FD2465}.Debug|Any CPU.Build.0 = Debug|Any CPU
		{599A8C0C-5837-4D8A-A205-6CE876FD2465}.Release|Any CPU.ActiveCfg = Release|Any CPU
		{599A8C0C-5837-4D8A-A205-6CE876FD2465}.Release|Any CPU.Build.0 = Release|Any CPU
	EndGlobalSection
	GlobalSection(SolutionProperties) = preSolution
		HideSolutionNode = FALSE
	EndGlobalSection
	GlobalSection(ExtensibilityGlobals) = postSolution
		SolutionGuid = {626B78B7-6B34-476D-9C2B-C6A4F5FD6967}
	EndGlobalSection
EndGlobal
